
Microsoft Visual Studio Solution File, Format Version 11.00
# Visual Studio 2010
Project("{FAE04EC0-301F-11D3-BF4B-00C04F79EFBC}") = "UniRx", "UniRx.csproj", "{69C8A8D8-8015-108C-E5DE-24235EF176A6}"
EndProject
Project("{FAE04EC0-301F-11D3-BF4B-00C04F79EFBC}") = "UniRx.Examples", "UniRx.Examples.csproj", "{F016E6F1-C8FC-1C8A-3AF6-7A1B53A06EFA}"
EndProject
Project("{FAE04EC0-301F-11D3-BF4B-00C04F79EFBC}") = "Assembly-CSharp", "Assembly-CSharp.csproj", "{6FA98E81-80FE-314A-DAEC-2D6BE0C8EE80}"
EndProject
Project("{FAE04EC0-301F-11D3-BF4B-00C04F79EFBC}") = "Assembly-CSharp-Editor", "Assembly-CSharp-Editor.csproj", "{45A70B58-D1C3-5F46-052F-39FC95CFA02A}"
EndProject
Global
	GlobalSection(SolutionConfigurationPlatforms) = preSolution
		Debug|Any CPU = Debug|Any CPU
		Release|Any CPU = Release|Any CPU
	EndGlobalSection
	GlobalSection(ProjectConfigurationPlatforms) = postSolution
		{69C8A8D8-8015-108C-E5DE-24235EF176A6}.Debug|Any CPU.ActiveCfg = Debug|Any CPU
		{69C8A8D8-8015-108C-E5DE-24235EF176A6}.Debug|Any CPU.Build.0 = Debug|Any CPU
		{69C8A8D8-8015-108C-E5DE-24235EF176A6}.Release|Any CPU.ActiveCfg = Release|Any CPU
		{69C8A8D8-8015-108C-E5DE-24235EF176A6}.Release|Any CPU.Build.0 = Release|Any CPU
		{F016E6F1-C8FC-1C8A-3AF6-7A1B53A06EFA}.Debug|Any CPU.ActiveCfg = Debug|Any CPU
		{F016E6F1-C8FC-1C8A-3AF6-7A1B53A06EFA}.Debug|Any CPU.Build.0 = Debug|Any CPU
		{F016E6F1-C8FC-1C8A-3AF6-7A1B53A06EFA}.Release|Any CPU.ActiveCfg = Release|Any CPU
		{F016E6F1-C8FC-1C8A-3AF6-7A1B53A06EFA}.Release|Any CPU.Build.0 = Release|Any CPU
		{6FA98E81-80FE-314A-DAEC-2D6BE0C8EE80}.Debug|Any CPU.ActiveCfg = Debug|Any CPU
		{6FA98E81-80FE-314A-DAEC-2D6BE0C8EE80}.Debug|Any CPU.Build.0 = Debug|Any CPU
		{6FA98E81-80FE-314A-DAEC-2D6BE0C8EE80}.Release|Any CPU.ActiveCfg = Release|Any CPU
		{6FA98E81-80FE-314A-DAEC-2D6BE0C8EE80}.Release|Any CPU.Build.0 = Release|Any CPU
		{45A70B58-D1C3-5F46-052F-39FC95CFA02A}.Debug|Any CPU.ActiveCfg = Debug|Any CPU
		{45A70B58-D1C3-5F46-052F-39FC95CFA02A}.Debug|Any CPU.Build.0 = Debug|Any CPU
		{45A70B58-D1C3-5F46-052F-39FC95CFA02A}.Release|Any CPU.ActiveCfg = Release|Any CPU
		{45A70B58-D1C3-5F46-052F-39FC95CFA02A}.Release|Any CPU.Build.0 = Release|Any CPU
	EndGlobalSection
	GlobalSection(SolutionProperties) = preSolution
		HideSolutionNode = FALSE
	EndGlobalSection
	GlobalSection(MonoDevelopProperties) = preSolution
		StartupItem = Assembly-CSharp.csproj
	EndGlobalSection
EndGlobal
